
Microsoft Visual Studio Solution File, Format Version 12.00
# Visual Studio Version 17
VisualStudioVersion = 17.2.32630.192
MinimumVisualStudioVersion = 10.0.40219.1
Project("{FAE04EC0-301F-11D3-BF4B-00C04F79EFBC}") = "CarRentalProject", "CarRentalProject\CarRentalProject.csproj", "{89FD0D49-8568-43F0-BB38-B890A8757248}"
EndProject
Global
	GlobalSection(SolutionConfigurationPlatforms) = preSolution
		Debug|Any CPU = Debug|Any CPU
		Release|Any CPU = Release|Any CPU
	EndGlobalSection
	GlobalSection(ProjectConfigurationPlatforms) = postSolution
		{89FD0D49-8568-43F0-BB38-B890A8757248}.Debug|Any CPU.ActiveCfg = Debug|Any CPU
		{89FD0D49-8568-43F0-BB38-B890A8757248}.Debug|Any CPU.Build.0 = Debug|Any CPU
		{89FD0D49-8568-43F0-BB38-B890A8757248}.Release|Any CPU.ActiveCfg = Release|Any CPU
		{89FD0D49-8568-43F0-BB38-B890A8757248}.Release|Any CPU.Build.0 = Release|Any CPU
	EndGlobalSection
	GlobalSection(SolutionProperties) = preSolution
		HideSolutionNode = FALSE
	EndGlobalSection
	GlobalSection(ExtensibilityGlobals) = postSolution
		SolutionGuid = {E0761D9D-9DF5-4509-973D-CF356981A34C}
	EndGlobalSection
EndGlobal
